
Microsoft Visual Studio Solution File, Format Version 12.00
# Visual Studio Version 17
VisualStudioVersion = 17.5.002.0
MinimumVisualStudioVersion = 10.0.40219.1
Project("{2150E333-8FDC-42A3-9474-1A3956D46DE8}") = "Labfiles", "Labfiles", "{D8F240E5-9A50-4E33-B506-4A4BB4063007}"
EndProject
Project("{2150E333-8FDC-42A3-9474-1A3956D46DE8}") = "01-analyze-images", "01-analyze-images", "{7406169E-F43E-4D40-854D-B12588A3F9CD}"
EndProject
Project("{2150E333-8FDC-42A3-9474-1A3956D46DE8}") = "C-Sharp", "C-Sharp", "{743D7F4A-99B4-4F43-A881-F4AD3977CFCA}"
EndProject
Project("{9A19103F-16F7-4668-BE54-9A1E7A4F7556}") = "image-analysis", "Labfiles\01-analyze-images\C-Sharp\image-analysis\image-analysis.csproj", "{671E815D-B5F6-49D6-898B-64520DE1F6D5}"
EndProject
Project("{2150E333-8FDC-42A3-9474-1A3956D46DE8}") = "03-object-detection", "03-object-detection", "{3940B3F6-142C-4E23-BE77-6EB15713EB68}"
EndProject
Project("{2150E333-8FDC-42A3-9474-1A3956D46DE8}") = "C-Sharp", "C-Sharp", "{F0D6FBC6-D2D6-4945-B658-EE40CF7C12C2}"
EndProject
Project("{9A19103F-16F7-4668-BE54-9A1E7A4F7556}") = "test-detector", "Labfiles\03-object-detection\C-Sharp\test-detector\test-detector.csproj", "{5E18EC8F-BD35-4963-87EB-222E57F73F7B}"
EndProject
Project("{9A19103F-16F7-4668-BE54-9A1E7A4F7556}") = "train-detector", "Labfiles\03-object-detection\C-Sharp\train-detector\train-detector.csproj", "{83ACB251-1882-4544-8190-F21C7309C8B4}"
EndProject
Project("{2150E333-8FDC-42A3-9474-1A3956D46DE8}") = "04-face", "04-face", "{4FD409B9-307D-458B-8BAB-E35FA65A6CAE}"
EndProject
Project("{2150E333-8FDC-42A3-9474-1A3956D46DE8}") = "C-Sharp", "C-Sharp", "{BFA303FB-64FF-4268-9C8E-E6B914181DD6}"
EndProject
Project("{9A19103F-16F7-4668-BE54-9A1E7A4F7556}") = "detect-people", "Labfiles\04-face\C-Sharp\computer-vision\detect-people.csproj", "{A497DE41-D460-43B7-BADC-05525DF93422}"
EndProject
Project("{9A19103F-16F7-4668-BE54-9A1E7A4F7556}") = "analyze-faces", "Labfiles\04-face\C-Sharp\face-api\analyze-faces.csproj", "{48D14C93-5FE6-4605-BFCE-C006A92D4582}"
EndProject
Project("{2150E333-8FDC-42A3-9474-1A3956D46DE8}") = "05-ocr", "05-ocr", "{06607FEA-B7F9-42FA-822E-632AEB6338BE}"
EndProject
Project("{2150E333-8FDC-42A3-9474-1A3956D46DE8}") = "C-Sharp", "C-Sharp", "{3BE9827C-E4F4-4B4C-8AA2-271BD71D6109}"
EndProject
Project("{9A19103F-16F7-4668-BE54-9A1E7A4F7556}") = "read-text", "Labfiles\05-ocr\C-Sharp\read-text\read-text.csproj", "{42A90F45-0E7C-4938-A095-C65C97596534}"
EndProject
Project("{2150E333-8FDC-42A3-9474-1A3956D46DE8}") = "07-custom-vision-image-classification", "07-custom-vision-image-classification", "{25BC296D-B646-447E-8DD2-C32A7E42A482}"
EndProject
Project("{2150E333-8FDC-42A3-9474-1A3956D46DE8}") = "C-Sharp", "C-Sharp", "{C4A2F3ED-1B7B-4169-9D67-A75E13850B9F}"
EndProject
Project("{9A19103F-16F7-4668-BE54-9A1E7A4F7556}") = "test-classifier", "Labfiles\07-custom-vision-image-classification\C-Sharp\test-classifier\test-classifier.csproj", "{3E5BCCD5-9387-4202-AEDD-9ABEF5F90D82}"
EndProject
Project("{9A19103F-16F7-4668-BE54-9A1E7A4F7556}") = "train-classifier", "Labfiles\07-custom-vision-image-classification\C-Sharp\train-classifier\train-classifier.csproj", "{529EC756-77E6-4570-BC07-E05453D70813}"
EndProject
Global
	GlobalSection(SolutionConfigurationPlatforms) = preSolution
		Debug|Any CPU = Debug|Any CPU
		Release|Any CPU = Release|Any CPU
	EndGlobalSection
	GlobalSection(ProjectConfigurationPlatforms) = postSolution
		{671E815D-B5F6-49D6-898B-64520DE1F6D5}.Debug|Any CPU.ActiveCfg = Debug|Any CPU
		{671E815D-B5F6-49D6-898B-64520DE1F6D5}.Debug|Any CPU.Build.0 = Debug|Any CPU
		{671E815D-B5F6-49D6-898B-64520DE1F6D5}.Release|Any CPU.ActiveCfg = Release|Any CPU
		{671E815D-B5F6-49D6-898B-64520DE1F6D5}.Release|Any CPU.Build.0 = Release|Any CPU
		{5E18EC8F-BD35-4963-87EB-222E57F73F7B}.Debug|Any CPU.ActiveCfg = Debug|Any CPU
		{5E18EC8F-BD35-4963-87EB-222E57F73F7B}.Debug|Any CPU.Build.0 = Debug|Any CPU
		{5E18EC8F-BD35-4963-87EB-222E57F73F7B}.Release|Any CPU.ActiveCfg = Release|Any CPU
		{5E18EC8F-BD35-4963-87EB-222E57F73F7B}.Release|Any CPU.Build.0 = Release|Any CPU
		{83ACB251-1882-4544-8190-F21C7309C8B4}.Debug|Any CPU.ActiveCfg = Debug|Any CPU
		{83ACB251-1882-4544-8190-F21C7309C8B4}.Debug|Any CPU.Build.0 = Debug|Any CPU
		{83ACB251-1882-4544-8190-F21C7309C8B4}.Release|Any CPU.ActiveCfg = Release|Any CPU
		{83ACB251-1882-4544-8190-F21C7309C8B4}.Release|Any CPU.Build.0 = Release|Any CPU
		{A497DE41-D460-43B7-BADC-05525DF93422}.Debug|Any CPU.ActiveCfg = Debug|Any CPU
		{A497DE41-D460-43B7-BADC-05525DF93422}.Debug|Any CPU.Build.0 = Debug|Any CPU
		{A497DE41-D460-43B7-BADC-05525DF93422}.Release|Any CPU.ActiveCfg = Release|Any CPU
		{A497DE41-D460-43B7-BADC-05525DF93422}.Release|Any CPU.Build.0 = Release|Any CPU
		{48D14C93-5FE6-4605-BFCE-C006A92D4582}.Debug|Any CPU.ActiveCfg = Debug|Any CPU
		{48D14C93-5FE6-4605-BFCE-C006A92D4582}.Debug|Any CPU.Build.0 = Debug|Any CPU
		{48D14C93-5FE6-4605-BFCE-C006A92D4582}.Release|Any CPU.ActiveCfg = Release|Any CPU
		{48D14C93-5FE6-4605-BFCE-C006A92D4582}.Release|Any CPU.Build.0 = Release|Any CPU
		{42A90F45-0E7C-4938-A095-C65C97596534}.Debug|Any CPU.ActiveCfg = Debug|Any CPU
		{42A90F45-0E7C-4938-A095-C65C97596534}.Debug|Any CPU.Build.0 = Debug|Any CPU
		{42A90F45-0E7C-4938-A095-C65C97596534}.Release|Any CPU.ActiveCfg = Release|Any CPU
		{42A90F45-0E7C-4938-A095-C65C97596534}.Release|Any CPU.Build.0 = Release|Any CPU
		{3E5BCCD5-9387-4202-AEDD-9ABEF5F90D82}.Debug|Any CPU.ActiveCfg = Debug|Any CPU
		{3E5BCCD5-9387-4202-AEDD-9ABEF5F90D82}.Debug|Any CPU.Build.0 = Debug|Any CPU
		{3E5BCCD5-9387-4202-AEDD-9ABEF5F90D82}.Release|Any CPU.ActiveCfg = Release|Any CPU
		{3E5BCCD5-9387-4202-AEDD-9ABEF5F90D82}.Release|Any CPU.Build.0 = Release|Any CPU
		{529EC756-77E6-4570-BC07-E05453D70813}.Debug|Any CPU.ActiveCfg = Debug|Any CPU
		{529EC756-77E6-4570-BC07-E05453D70813}.Debug|Any CPU.Build.0 = Debug|Any CPU
		{529EC756-77E6-4570-BC07-E05453D70813}.Release|Any CPU.ActiveCfg = Release|Any CPU
		{529EC756-77E6-4570-BC07-E05453D70813}.Release|Any CPU.Build.0 = Release|Any CPU
	EndGlobalSection
	GlobalSection(SolutionProperties) = preSolution
		HideSolutionNode = FALSE
	EndGlobalSection
	GlobalSection(NestedProjects) = preSolution
		{7406169E-F43E-4D40-854D-B12588A3F9CD} = {D8F240E5-9A50-4E33-B506-4A4BB4063007}
		{743D7F4A-99B4-4F43-A881-F4AD3977CFCA} = {7406169E-F43E-4D40-854D-B12588A3F9CD}
		{671E815D-B5F6-49D6-898B-64520DE1F6D5} = {743D7F4A-99B4-4F43-A881-F4AD3977CFCA}
		{3940B3F6-142C-4E23-BE77-6EB15713EB68} = {D8F240E5-9A50-4E33-B506-4A4BB4063007}
		{F0D6FBC6-D2D6-4945-B658-EE40CF7C12C2} = {3940B3F6-142C-4E23-BE77-6EB15713EB68}
		{5E18EC8F-BD35-4963-87EB-222E57F73F7B} = {F0D6FBC6-D2D6-4945-B658-EE40CF7C12C2}
		{83ACB251-1882-4544-8190-F21C7309C8B4} = {F0D6FBC6-D2D6-4945-B658-EE40CF7C12C2}
		{4FD409B9-307D-458B-8BAB-E35FA65A6CAE} = {D8F240E5-9A50-4E33-B506-4A4BB4063007}
		{BFA303FB-64FF-4268-9C8E-E6B914181DD6} = {4FD409B9-307D-458B-8BAB-E35FA65A6CAE}
		{A497DE41-D460-43B7-BADC-05525DF93422} = {BFA303FB-64FF-4268-9C8E-E6B914181DD6}
		{48D14C93-5FE6-4605-BFCE-C006A92D4582} = {BFA303FB-64FF-4268-9C8E-E6B914181DD6}
		{06607FEA-B7F9-42FA-822E-632AEB6338BE} = {D8F240E5-9A50-4E33-B506-4A4BB4063007}
		{3BE9827C-E4F4-4B4C-8AA2-271BD71D6109} = {06607FEA-B7F9-42FA-822E-632AEB6338BE}
		{42A90F45-0E7C-4938-A095-C65C97596534} = {3BE9827C-E4F4-4B4C-8AA2-271BD71D6109}
		{25BC296D-B646-447E-8DD2-C32A7E42A482} = {D8F240E5-9A50-4E33-B506-4A4BB4063007}
		{C4A2F3ED-1B7B-4169-9D67-A75E13850B9F} = {25BC296D-B646-447E-8DD2-C32A7E42A482}
		{3E5BCCD5-9387-4202-AEDD-9ABEF5F90D82} = {C4A2F3ED-1B7B-4169-9D67-A75E13850B9F}
		{529EC756-77E6-4570-BC07-E05453D70813} = {C4A2F3ED-1B7B-4169-9D67-A75E13850B9F}
	EndGlobalSection
	GlobalSection(ExtensibilityGlobals) = postSolution
		SolutionGuid = {2732B8E6-3A0D-4AF8-A2B7-13637157A506}
	EndGlobalSection
EndGlobal
